Microsoft Visual Studio Solution File, Format Version 12.00
# Visual Studio Version 17
VisualStudioVersion = 17.0.31903.59
MinimumVisualStudioVersion = 10.0.40219.1
Project("{FAE04EC0-301F-11D3-BF4B-00C04F79EFBC}") = "Credito.Api", "src\Credito.Api\Credito.Api.csproj", "{E2BEB6B0-494F-4BF3-95FE-057F47034D79}"
EndProject
Project("{FAE04EC0-301F-11D3-BF4B-00C04F79EFBC}") = "Credito.Application", "src\Credito.Application\Credito.Application.csproj", "{DF563048-44D1-42BC-8E01-7030DCDBC7F0}"
EndProject
Project("{FAE04EC0-301F-11D3-BF4B-00C04F79EFBC}") = "Credito.Domain", "src\Credito.Domain\Credito.Domain.csproj", "{3475C542-7D58-4406-9D75-630E7AC0863D}"
EndProject
Project("{FAE04EC0-301F-11D3-BF4B-00C04F79EFBC}") = "Credito.Infrastructure", "src\Credito.Infrastructure\Credito.Infrastructure.csproj", "{09329CDE-7A37-44FA-B0AC-86F9072859C6}"
EndProject
Project("{FAE04EC0-301F-11D3-BF4B-00C04F79EFBC}") = "Credito.IntegrationTests", "tests\Credito.IntegrationTests\Credito.IntegrationTests.csproj", "{AE1D8B2E-02E0-4A78-9AB1-F7E27ACF0AD9}"
EndProject
Project("{FAE04EC0-301F-11D3-BF4B-00C04F79EFBC}") = "Credito.Tests", "tests\Credito.Tests\Credito.Tests.csproj", "{C36BE10F-2380-42C3-ADE9-71E57682618E}"
EndProject
Global
	GlobalSection(SolutionConfigurationPlatforms) = preSolution
		Debug|Any CPU = Debug|Any CPU
		Release|Any CPU = Release|Any CPU
	EndGlobalSection
	GlobalSection(ProjectConfigurationPlatforms) = postSolution
		{E2BEB6B0-494F-4BF3-95FE-057F47034D79}.Debug|Any CPU.ActiveCfg = Debug|Any CPU
		{E2BEB6B0-494F-4BF3-95FE-057F47034D79}.Debug|Any CPU.Build.0 = Debug|Any CPU
		{E2BEB6B0-494F-4BF3-95FE-057F47034D79}.Release|Any CPU.ActiveCfg = Release|Any CPU
		{E2BEB6B0-494F-4BF3-95FE-057F47034D79}.Release|Any CPU.Build.0 = Release|Any CPU
		{DF563048-44D1-42BC-8E01-7030DCDBC7F0}.Debug|Any CPU.ActiveCfg = Debug|Any CPU
		{DF563048-44D1-42BC-8E01-7030DCDBC7F0}.Debug|Any CPU.Build.0 = Debug|Any CPU
		{DF563048-44D1-42BC-8E01-7030DCDBC7F0}.Release|Any CPU.ActiveCfg = Release|Any CPU
		{DF563048-44D1-42BC-8E01-7030DCDBC7F0}.Release|Any CPU.Build.0 = Release|Any CPU
		{3475C542-7D58-4406-9D75-630E7AC0863D}.Debug|Any CPU.ActiveCfg = Debug|Any CPU
		{3475C542-7D58-4406-9D75-630E7AC0863D}.Debug|Any CPU.Build.0 = Debug|Any CPU
		{3475C542-7D58-4406-9D75-630E7AC0863D}.Release|Any CPU.ActiveCfg = Release|Any CPU
		{3475C542-7D58-4406-9D75-630E7AC0863D}.Release|Any CPU.Build.0 = Release|Any CPU
		{09329CDE-7A37-44FA-B0AC-86F9072859C6}.Debug|Any CPU.ActiveCfg = Debug|Any CPU
		{09329CDE-7A37-44FA-B0AC-86F9072859C6}.Debug|Any CPU.Build.0 = Debug|Any CPU
		{09329CDE-7A37-44FA-B0AC-86F9072859C6}.Release|Any CPU.ActiveCfg = Release|Any CPU
		{09329CDE-7A37-44FA-B0AC-86F9072859C6}.Release|Any CPU.Build.0 = Release|Any CPU
		{AE1D8B2E-02E0-4A78-9AB1-F7E27ACF0AD9}.Debug|Any CPU.ActiveCfg = Debug|Any CPU
		{AE1D8B2E-02E0-4A78-9AB1-F7E27ACF0AD9}.Debug|Any CPU.Build.0 = Debug|Any CPU
		{AE1D8B2E-02E0-4A78-9AB1-F7E27ACF0AD9}.Release|Any CPU.ActiveCfg = Release|Any CPU
		{AE1D8B2E-02E0-4A78-9AB1-F7E27ACF0AD9}.Release|Any CPU.Build.0 = Release|Any CPU
		{C36BE10F-2380-42C3-ADE9-71E57682618E}.Debug|Any CPU.ActiveCfg = Debug|Any CPU
		{C36BE10F-2380-42C3-ADE9-71E57682618E}.Debug|Any CPU.Build.0 = Debug|Any CPU
		{C36BE10F-2380-42C3-ADE9-71E57682618E}.Release|Any CPU.ActiveCfg = Release|Any CPU
		{C36BE10F-2380-42C3-ADE9-71E57682618E}.Release|Any CPU.Build.0 = Release|Any CPU
	EndGlobalSection
EndGlobal
